
Microsoft Visual Studio Solution File, Format Version 12.00
# Visual Studio Version 16
VisualStudioVersion = 16.0.30621.155
MinimumVisualStudioVersion = 10.0.40219.1
Project("{FAE04EC0-301F-11D3-BF4B-00C04F79EFBC}") = "FoosballAPI", "FoosballAPI\FoosballAPI.csproj", "{BB2CCD68-C96C-4F1B-AE97-097570368300}"
EndProject
Global
	GlobalSection(SolutionConfigurationPlatforms) = preSolution
		Debug|Any CPU = Debug|Any CPU
		Release|Any CPU = Release|Any CPU
	EndGlobalSection
	GlobalSection(ProjectConfigurationPlatforms) = postSolution
		{BB2CCD68-C96C-4F1B-AE97-097570368300}.Debug|Any CPU.ActiveCfg = Debug|Any CPU
		{BB2CCD68-C96C-4F1B-AE97-097570368300}.Debug|Any CPU.Build.0 = Debug|Any CPU
		{BB2CCD68-C96C-4F1B-AE97-097570368300}.Release|Any CPU.ActiveCfg = Release|Any CPU
		{BB2CCD68-C96C-4F1B-AE97-097570368300}.Release|Any CPU.Build.0 = Release|Any CPU
	EndGlobalSection
	GlobalSection(SolutionProperties) = preSolution
		HideSolutionNode = FALSE
	EndGlobalSection
	GlobalSection(ExtensibilityGlobals) = postSolution
		SolutionGuid = {0B66F3A2-BCE2-446E-B118-4B26C0A8367F}
	EndGlobalSection
EndGlobal
